
Microsoft Visual Studio Solution File, Format Version 12.00
# Visual Studio Version 17
VisualStudioVersion = 17.9.34607.119
MinimumVisualStudioVersion = 10.0.40219.1
Project("{FAE04EC0-301F-11D3-BF4B-00C04F79EFBC}") = "BubbleSort", "BubbleSort.csproj", "{EAEA3F7A-F858-4637-9545-BE99BADF2B2E}"
EndProject
Global
	GlobalSection(SolutionConfigurationPlatforms) = preSolution
		Debug|Any CPU = Debug|Any CPU
		Release|Any CPU = Release|Any CPU
	EndGlobalSection
	GlobalSection(ProjectConfigurationPlatforms) = postSolution
		{EAEA3F7A-F858-4637-9545-BE99BADF2B2E}.Debug|Any CPU.ActiveCfg = Debug|Any CPU
		{EAEA3F7A-F858-4637-9545-BE99BADF2B2E}.Debug|Any CPU.Build.0 = Debug|Any CPU
		{EAEA3F7A-F858-4637-9545-BE99BADF2B2E}.Release|Any CPU.ActiveCfg = Release|Any CPU
		{EAEA3F7A-F858-4637-9545-BE99BADF2B2E}.Release|Any CPU.Build.0 = Release|Any CPU
	EndGlobalSection
	GlobalSection(SolutionProperties) = preSolution
		HideSolutionNode = FALSE
	EndGlobalSection
	GlobalSection(ExtensibilityGlobals) = postSolution
		SolutionGuid = {BC23E256-D19C-4E9C-9F82-3AA1D3D363BD}
	EndGlobalSection
EndGlobal
